
Microsoft Visual Studio Solution File, Format Version 12.00
# Visual Studio Version 16
VisualStudioVersion = 16.0.29411.108
MinimumVisualStudioVersion = 10.0.40219.1
Project("{9A19103F-16F7-4668-BE54-9A1E7A4F7556}") = "Notes", "Notes.csproj", "{B1723D53-EE60-4C3C-8F4D-719E8CCAB8FD}"
EndProject
Project("{9A19103F-16F7-4668-BE54-9A1E7A4F7556}") = "Notes.Tests", "..\Notes.Tests\Notes.Tests.csproj", "{613F7F89-C906-4486-81D9-DCA0165F417C}"
EndProject
Global
	GlobalSection(SolutionConfigurationPlatforms) = preSolution
		Debug|Any CPU = Debug|Any CPU
		Release|Any CPU = Release|Any CPU
	EndGlobalSection
	GlobalSection(ProjectConfigurationPlatforms) = postSolution
		{B1723D53-EE60-4C3C-8F4D-719E8CCAB8FD}.Debug|Any CPU.ActiveCfg = Debug|Any CPU
		{B1723D53-EE60-4C3C-8F4D-719E8CCAB8FD}.Debug|Any CPU.Build.0 = Debug|Any CPU
		{B1723D53-EE60-4C3C-8F4D-719E8CCAB8FD}.Release|Any CPU.ActiveCfg = Release|Any CPU
		{B1723D53-EE60-4C3C-8F4D-719E8CCAB8FD}.Release|Any CPU.Build.0 = Release|Any CPU
		{613F7F89-C906-4486-81D9-DCA0165F417C}.Debug|Any CPU.ActiveCfg = Debug|Any CPU
		{613F7F89-C906-4486-81D9-DCA0165F417C}.Debug|Any CPU.Build.0 = Debug|Any CPU
		{613F7F89-C906-4486-81D9-DCA0165F417C}.Release|Any CPU.ActiveCfg = Release|Any CPU
		{613F7F89-C906-4486-81D9-DCA0165F417C}.Release|Any CPU.Build.0 = Release|Any CPU
	EndGlobalSection
	GlobalSection(SolutionProperties) = preSolution
		HideSolutionNode = FALSE
	EndGlobalSection
	GlobalSection(ExtensibilityGlobals) = postSolution
		SolutionGuid = {D74B9C1D-E28B-48FB-BDE2-54A7C14AC922}
	EndGlobalSection
EndGlobal
